# This file is automatically @generated by Cargo.
# It is not intended for manual editing.
version = 4

[[package]]
name = "house-boot"
version = "0.1.0"
dependencies = [
 "house-hal-aarch64",
]

[[package]]
name = "house-hal"
version = "0.1.0"

[[package]]
name = "house-hal-aarch64"
version = "0.1.0"
dependencies = [
 "house-hal",
]

[[package]]
name = "house-libc"
version = "0.1.0"
